
Microsoft Visual Studio Solution File, Format Version 12.00
# Visual Studio Version 16
VisualStudioVersion = 16.0.29806.167
MinimumVisualStudioVersion = 10.0.40219.1
Project("{FAE04EC0-301F-11D3-BF4B-00C04F79EFBC}") = "DAL", "DAL\DAL.csproj", "{B195AE2E-A13D-45C0-A6EF-C92C4FB5C85E}"
EndProject
Project("{2150E333-8FDC-42A3-9474-1A3956D46DE8}") = "BLL", "BLL", "{77FEB351-180A-4DD7-B762-3685027643FB}"
EndProject
Project("{FAE04EC0-301F-11D3-BF4B-00C04F79EFBC}") = "ClientServiceBase", "ClientServiceBase\ClientServiceBase.csproj", "{89F0365F-103A-4456-8818-EE83E3CEA426}"
EndProject
Project("{FAE04EC0-301F-11D3-BF4B-00C04F79EFBC}") = "ClientServiceImplementation", "ClientService\ClientServiceImplementation.csproj", "{21F2F92A-D530-420B-9D17-A323192C49E1}"
EndProject
Project("{2150E333-8FDC-42A3-9474-1A3956D46DE8}") = "Clients", "Clients", "{1901CD7C-71E0-492B-A3C8-384519BF21D2}"
EndProject
Project("{FAE04EC0-301F-11D3-BF4B-00C04F79EFBC}") = "WEB", "WEB\WEB.csproj", "{D524D025-FD84-456D-B0AB-FDF71A246C20}"
EndProject
Project("{FAE04EC0-301F-11D3-BF4B-00C04F79EFBC}") = "Autorization", "Autorization\Autorization.csproj", "{25E7EB99-D3FE-4662-886B-0B94E2309044}"
EndProject
Project("{FAE04EC0-301F-11D3-BF4B-00C04F79EFBC}") = "UserServiceBase", "UserServiceBase\UserServiceBase.csproj", "{F2CB85A3-950C-4505-9F63-2183F98028E2}"
EndProject
Project("{FAE04EC0-301F-11D3-BF4B-00C04F79EFBC}") = "UserServiceImplementation", "UserServiceImplementation\UserServiceImplementation.csproj", "{CA4D4AAB-EF94-49B4-86F8-5FDA8BD45E39}"
EndProject
Project("{FAE04EC0-301F-11D3-BF4B-00C04F79EFBC}") = "TrackerServiceBase", "TrackerServiceBase\TrackerServiceBase.csproj", "{AFC43565-C91F-4907-823A-1D9FB482FF28}"
EndProject
Project("{FAE04EC0-301F-11D3-BF4B-00C04F79EFBC}") = "CRUDServiceBase", "ServiceBase\CRUDServiceBase.csproj", "{1DAB7694-84E8-4BD8-9806-C7776A7B1525}"
EndProject
Project("{FAE04EC0-301F-11D3-BF4B-00C04F79EFBC}") = "VehicleServiceBase", "VehicleServiceBase\VehicleServiceBase.csproj", "{1E2F06CD-6761-4E57-8281-6623133B16CA}"
EndProject
Project("{FAE04EC0-301F-11D3-BF4B-00C04F79EFBC}") = "VehicleServiceImplementation", "VehicleServiceImplementation\VehicleServiceImplementation.csproj", "{981D6AE4-2635-46FD-AA04-BB17E07C740D}"
EndProject
Project("{FAE04EC0-301F-11D3-BF4B-00C04F79EFBC}") = "CRUDServiceImplementation", "CRUDServiceImplementation\CRUDServiceImplementation.csproj", "{C84D7DA8-546A-4606-BF3B-44C3B3518E9B}"
EndProject
Project("{FAE04EC0-301F-11D3-BF4B-00C04F79EFBC}") = "TrackerServiceImplementation", "TrackerServiceImplementation\TrackerServiceImplementation.csproj", "{4F87776D-BDDF-430B-872A-714448909D35}"
EndProject
Project("{FAE04EC0-301F-11D3-BF4B-00C04F79EFBC}") = "PaymentServiceBase", "PaymentServiceBase\PaymentServiceBase.csproj", "{8C8C564B-8BD3-47D0-907B-E99AB48E2D51}"
EndProject
Project("{FAE04EC0-301F-11D3-BF4B-00C04F79EFBC}") = "PaymentServiceImplementation", "PaymentServiceImplementation\PaymentServiceImplementation.csproj", "{D4DDB430-73C3-4127-AE0E-CAEE5A11FD9F}"
EndProject
Project("{FAE04EC0-301F-11D3-BF4B-00C04F79EFBC}") = "ContractServiceBase", "ContractServiceBase\ContractServiceBase.csproj", "{82AB9260-3BD4-40E8-904C-DB39B62A938C}"
EndProject
Project("{FAE04EC0-301F-11D3-BF4B-00C04F79EFBC}") = "ContractServiceImplementation", "ContractServiceImplementation\ContractServiceImplementation.csproj", "{A77B868B-49AC-45FC-9EF4-1BC9978D18A6}"
EndProject
Project("{FAE04EC0-301F-11D3-BF4B-00C04F79EFBC}") = "HistoryServiceBase", "HistoryServiceBase\HistoryServiceBase.csproj", "{48F7F10F-70C5-4C6A-85D3-04E7B160E0AF}"
EndProject
Project("{FAE04EC0-301F-11D3-BF4B-00C04F79EFBC}") = "HistoryServiceImplementation", "HistoryServiceImplementation\HistoryServiceImplementation.csproj", "{FCF81AE0-02A7-4359-B4F6-0E62750C6D8D}"
EndProject
Project("{2150E333-8FDC-42A3-9474-1A3956D46DE8}") = "Class diagrams", "Class diagrams", "{7576D155-04B9-42C4-A972-0355F4F256C8}"
EndProject
Project("{FAE04EC0-301F-11D3-BF4B-00C04F79EFBC}") = "ClassDiagramsBLL", "ClassDiagramsBLL\ClassDiagramsBLL.csproj", "{40AF8FCB-B8B6-426A-9074-CB5927B8343E}"
EndProject
Global
	GlobalSection(SolutionConfigurationPlatforms) = preSolution
		Debug|Any CPU = Debug|Any CPU
		Release|Any CPU = Release|Any CPU
	EndGlobalSection
	GlobalSection(ProjectConfigurationPlatforms) = postSolution
		{B195AE2E-A13D-45C0-A6EF-C92C4FB5C85E}.Debug|Any CPU.ActiveCfg = Debug|Any CPU
		{B195AE2E-A13D-45C0-A6EF-C92C4FB5C85E}.Debug|Any CPU.Build.0 = Debug|Any CPU
		{B195AE2E-A13D-45C0-A6EF-C92C4FB5C85E}.Release|Any CPU.ActiveCfg = Release|Any CPU
		{B195AE2E-A13D-45C0-A6EF-C92C4FB5C85E}.Release|Any CPU.Build.0 = Release|Any CPU
		{89F0365F-103A-4456-8818-EE83E3CEA426}.Debug|Any CPU.ActiveCfg = Debug|Any CPU
		{89F0365F-103A-4456-8818-EE83E3CEA426}.Debug|Any CPU.Build.0 = Debug|Any CPU
		{89F0365F-103A-4456-8818-EE83E3CEA426}.Release|Any CPU.ActiveCfg = Release|Any CPU
		{89F0365F-103A-4456-8818-EE83E3CEA426}.Release|Any CPU.Build.0 = Release|Any CPU
		{21F2F92A-D530-420B-9D17-A323192C49E1}.Debug|Any CPU.ActiveCfg = Debug|Any CPU
		{21F2F92A-D530-420B-9D17-A323192C49E1}.Debug|Any CPU.Build.0 = Debug|Any CPU
		{21F2F92A-D530-420B-9D17-A323192C49E1}.Release|Any CPU.ActiveCfg = Release|Any CPU
		{21F2F92A-D530-420B-9D17-A323192C49E1}.Release|Any CPU.Build.0 = Release|Any CPU
		{D524D025-FD84-456D-B0AB-FDF71A246C20}.Debug|Any CPU.ActiveCfg = Debug|Any CPU
		{D524D025-FD84-456D-B0AB-FDF71A246C20}.Debug|Any CPU.Build.0 = Debug|Any CPU
		{D524D025-FD84-456D-B0AB-FDF71A246C20}.Release|Any CPU.ActiveCfg = Release|Any CPU
		{D524D025-FD84-456D-B0AB-FDF71A246C20}.Release|Any CPU.Build.0 = Release|Any CPU
		{25E7EB99-D3FE-4662-886B-0B94E2309044}.Debug|Any CPU.ActiveCfg = Debug|Any CPU
		{25E7EB99-D3FE-4662-886B-0B94E2309044}.Debug|Any CPU.Build.0 = Debug|Any CPU
		{25E7EB99-D3FE-4662-886B-0B94E2309044}.Release|Any CPU.ActiveCfg = Release|Any CPU
		{25E7EB99-D3FE-4662-886B-0B94E2309044}.Release|Any CPU.Build.0 = Release|Any CPU
		{F2CB85A3-950C-4505-9F63-2183F98028E2}.Debug|Any CPU.ActiveCfg = Debug|Any CPU
		{F2CB85A3-950C-4505-9F63-2183F98028E2}.Debug|Any CPU.Build.0 = Debug|Any CPU
		{F2CB85A3-950C-4505-9F63-2183F98028E2}.Release|Any CPU.ActiveCfg = Release|Any CPU
		{F2CB85A3-950C-4505-9F63-2183F98028E2}.Release|Any CPU.Build.0 = Release|Any CPU
		{CA4D4AAB-EF94-49B4-86F8-5FDA8BD45E39}.Debug|Any CPU.ActiveCfg = Debug|Any CPU
		{CA4D4AAB-EF94-49B4-86F8-5FDA8BD45E39}.Debug|Any CPU.Build.0 = Debug|Any CPU
		{CA4D4AAB-EF94-49B4-86F8-5FDA8BD45E39}.Release|Any CPU.ActiveCfg = Release|Any CPU
		{CA4D4AAB-EF94-49B4-86F8-5FDA8BD45E39}.Release|Any CPU.Build.0 = Release|Any CPU
		{AFC43565-C91F-4907-823A-1D9FB482FF28}.Debug|Any CPU.ActiveCfg = Debug|Any CPU
		{AFC43565-C91F-4907-823A-1D9FB482FF28}.Debug|Any CPU.Build.0 = Debug|Any CPU
		{AFC43565-C91F-4907-823A-1D9FB482FF28}.Release|Any CPU.ActiveCfg = Release|Any CPU
		{AFC43565-C91F-4907-823A-1D9FB482FF28}.Release|Any CPU.Build.0 = Release|Any CPU
		{1DAB7694-84E8-4BD8-9806-C7776A7B1525}.Debug|Any CPU.ActiveCfg = Debug|Any CPU
		{1DAB7694-84E8-4BD8-9806-C7776A7B1525}.Debug|Any CPU.Build.0 = Debug|Any CPU
		{1DAB7694-84E8-4BD8-9806-C7776A7B1525}.Release|Any CPU.ActiveCfg = Release|Any CPU
		{1DAB7694-84E8-4BD8-9806-C7776A7B1525}.Release|Any CPU.Build.0 = Release|Any CPU
		{1E2F06CD-6761-4E57-8281-6623133B16CA}.Debug|Any CPU.ActiveCfg = Debug|Any CPU
		{1E2F06CD-6761-4E57-8281-6623133B16CA}.Debug|Any CPU.Build.0 = Debug|Any CPU
		{1E2F06CD-6761-4E57-8281-6623133B16CA}.Release|Any CPU.ActiveCfg = Release|Any CPU
		{1E2F06CD-6761-4E57-8281-6623133B16CA}.Release|Any CPU.Build.0 = Release|Any CPU
		{981D6AE4-2635-46FD-AA04-BB17E07C740D}.Debug|Any CPU.ActiveCfg = Debug|Any CPU
		{981D6AE4-2635-46FD-AA04-BB17E07C740D}.Debug|Any CPU.Build.0 = Debug|Any CPU
		{981D6AE4-2635-46FD-AA04-BB17E07C740D}.Release|Any CPU.ActiveCfg = Release|Any CPU
		{981D6AE4-2635-46FD-AA04-BB17E07C740D}.Release|Any CPU.Build.0 = Release|Any CPU
		{C84D7DA8-546A-4606-BF3B-44C3B3518E9B}.Debug|Any CPU.ActiveCfg = Debug|Any CPU
		{C84D7DA8-546A-4606-BF3B-44C3B3518E9B}.Debug|Any CPU.Build.0 = Debug|Any CPU
		{C84D7DA8-546A-4606-BF3B-44C3B3518E9B}.Release|Any CPU.ActiveCfg = Release|Any CPU
		{C84D7DA8-546A-4606-BF3B-44C3B3518E9B}.Release|Any CPU.Build.0 = Release|Any CPU
		{4F87776D-BDDF-430B-872A-714448909D35}.Debug|Any CPU.ActiveCfg = Debug|Any CPU
		{4F87776D-BDDF-430B-872A-714448909D35}.Debug|Any CPU.Build.0 = Debug|Any CPU
		{4F87776D-BDDF-430B-872A-714448909D35}.Release|Any CPU.ActiveCfg = Release|Any CPU
		{4F87776D-BDDF-430B-872A-714448909D35}.Release|Any CPU.Build.0 = Release|Any CPU
		{8C8C564B-8BD3-47D0-907B-E99AB48E2D51}.Debug|Any CPU.ActiveCfg = Debug|Any CPU
		{8C8C564B-8BD3-47D0-907B-E99AB48E2D51}.Debug|Any CPU.Build.0 = Debug|Any CPU
		{8C8C564B-8BD3-47D0-907B-E99AB48E2D51}.Release|Any CPU.ActiveCfg = Release|Any CPU
		{8C8C564B-8BD3-47D0-907B-E99AB48E2D51}.Release|Any CPU.Build.0 = Release|Any CPU
		{D4DDB430-73C3-4127-AE0E-CAEE5A11FD9F}.Debug|Any CPU.ActiveCfg = Debug|Any CPU
		{D4DDB430-73C3-4127-AE0E-CAEE5A11FD9F}.Debug|Any CPU.Build.0 = Debug|Any CPU
		{D4DDB430-73C3-4127-AE0E-CAEE5A11FD9F}.Release|Any CPU.ActiveCfg = Release|Any CPU
		{D4DDB430-73C3-4127-AE0E-CAEE5A11FD9F}.Release|Any CPU.Build.0 = Release|Any CPU
		{82AB9260-3BD4-40E8-904C-DB39B62A938C}.Debug|Any CPU.ActiveCfg = Debug|Any CPU
		{82AB9260-3BD4-40E8-904C-DB39B62A938C}.Debug|Any CPU.Build.0 = Debug|Any CPU
		{82AB9260-3BD4-40E8-904C-DB39B62A938C}.Release|Any CPU.ActiveCfg = Release|Any CPU
		{82AB9260-3BD4-40E8-904C-DB39B62A938C}.Release|Any CPU.Build.0 = Release|Any CPU
		{A77B868B-49AC-45FC-9EF4-1BC9978D18A6}.Debug|Any CPU.ActiveCfg = Debug|Any CPU
		{A77B868B-49AC-45FC-9EF4-1BC9978D18A6}.Debug|Any CPU.Build.0 = Debug|Any CPU
		{A77B868B-49AC-45FC-9EF4-1BC9978D18A6}.Release|Any CPU.ActiveCfg = Release|Any CPU
		{A77B868B-49AC-45FC-9EF4-1BC9978D18A6}.Release|Any CPU.Build.0 = Release|Any CPU
		{48F7F10F-70C5-4C6A-85D3-04E7B160E0AF}.Debug|Any CPU.ActiveCfg = Debug|Any CPU
		{48F7F10F-70C5-4C6A-85D3-04E7B160E0AF}.Debug|Any CPU.Build.0 = Debug|Any CPU
		{48F7F10F-70C5-4C6A-85D3-04E7B160E0AF}.Release|Any CPU.ActiveCfg = Release|Any CPU
		{48F7F10F-70C5-4C6A-85D3-04E7B160E0AF}.Release|Any CPU.Build.0 = Release|Any CPU
		{FCF81AE0-02A7-4359-B4F6-0E62750C6D8D}.Debug|Any CPU.ActiveCfg = Debug|Any CPU
		{FCF81AE0-02A7-4359-B4F6-0E62750C6D8D}.Debug|Any CPU.Build.0 = Debug|Any CPU
		{FCF81AE0-02A7-4359-B4F6-0E62750C6D8D}.Release|Any CPU.ActiveCfg = Release|Any CPU
		{FCF81AE0-02A7-4359-B4F6-0E62750C6D8D}.Release|Any CPU.Build.0 = Release|Any CPU
		{40AF8FCB-B8B6-426A-9074-CB5927B8343E}.Debug|Any CPU.ActiveCfg = Debug|Any CPU
		{40AF8FCB-B8B6-426A-9074-CB5927B8343E}.Debug|Any CPU.Build.0 = Debug|Any CPU
		{40AF8FCB-B8B6-426A-9074-CB5927B8343E}.Release|Any CPU.ActiveCfg = Release|Any CPU
		{40AF8FCB-B8B6-426A-9074-CB5927B8343E}.Release|Any CPU.Build.0 = Release|Any CPU
	EndGlobalSection
	GlobalSection(SolutionProperties) = preSolution
		HideSolutionNode = FALSE
	EndGlobalSection
	GlobalSection(NestedProjects) = preSolution
		{89F0365F-103A-4456-8818-EE83E3CEA426} = {77FEB351-180A-4DD7-B762-3685027643FB}
		{21F2F92A-D530-420B-9D17-A323192C49E1} = {77FEB351-180A-4DD7-B762-3685027643FB}
		{D524D025-FD84-456D-B0AB-FDF71A246C20} = {1901CD7C-71E0-492B-A3C8-384519BF21D2}
		{25E7EB99-D3FE-4662-886B-0B94E2309044} = {1901CD7C-71E0-492B-A3C8-384519BF21D2}
		{F2CB85A3-950C-4505-9F63-2183F98028E2} = {77FEB351-180A-4DD7-B762-3685027643FB}
		{CA4D4AAB-EF94-49B4-86F8-5FDA8BD45E39} = {77FEB351-180A-4DD7-B762-3685027643FB}
		{AFC43565-C91F-4907-823A-1D9FB482FF28} = {77FEB351-180A-4DD7-B762-3685027643FB}
		{1DAB7694-84E8-4BD8-9806-C7776A7B1525} = {77FEB351-180A-4DD7-B762-3685027643FB}
		{1E2F06CD-6761-4E57-8281-6623133B16CA} = {77FEB351-180A-4DD7-B762-3685027643FB}
		{981D6AE4-2635-46FD-AA04-BB17E07C740D} = {77FEB351-180A-4DD7-B762-3685027643FB}
		{C84D7DA8-546A-4606-BF3B-44C3B3518E9B} = {77FEB351-180A-4DD7-B762-3685027643FB}
		{4F87776D-BDDF-430B-872A-714448909D35} = {77FEB351-180A-4DD7-B762-3685027643FB}
		{8C8C564B-8BD3-47D0-907B-E99AB48E2D51} = {77FEB351-180A-4DD7-B762-3685027643FB}
		{D4DDB430-73C3-4127-AE0E-CAEE5A11FD9F} = {77FEB351-180A-4DD7-B762-3685027643FB}
		{82AB9260-3BD4-40E8-904C-DB39B62A938C} = {77FEB351-180A-4DD7-B762-3685027643FB}
		{A77B868B-49AC-45FC-9EF4-1BC9978D18A6} = {77FEB351-180A-4DD7-B762-3685027643FB}
		{48F7F10F-70C5-4C6A-85D3-04E7B160E0AF} = {77FEB351-180A-4DD7-B762-3685027643FB}
		{FCF81AE0-02A7-4359-B4F6-0E62750C6D8D} = {77FEB351-180A-4DD7-B762-3685027643FB}
		{40AF8FCB-B8B6-426A-9074-CB5927B8343E} = {7576D155-04B9-42C4-A972-0355F4F256C8}
	EndGlobalSection
	GlobalSection(ExtensibilityGlobals) = postSolution
		SolutionGuid = {79C47A33-D4DE-474D-AFB6-CB1C2222C50D}
	EndGlobalSection
EndGlobal
